
Microsoft Visual Studio Solution File, Format Version 12.00
# Visual Studio Version 17
VisualStudioVersion = 17.0.31903.59
MinimumVisualStudioVersion = 10.0.40219.1
Project("{2150E333-8FDC-42A3-9474-1A3956D46DE8}") = "src", "src", "{827E0CD3-B72D-47B6-A68D-7590B98EB39B}"
EndProject
Project("{FAE04EC0-301F-11D3-BF4B-00C04F79EFBC}") = "Sosi", "src\Sosi\Sosi.csproj", "{1BA2A01E-F8EE-4C27-B794-554A27C32F7E}"
EndProject
Project("{FAE04EC0-301F-11D3-BF4B-00C04F79EFBC}") = "SosiConvert", "src\SosiConvert\SosiConvert.csproj", "{7DB93F3D-7484-4E1E-B102-89C018785CDE}"
EndProject
Project("{2150E333-8FDC-42A3-9474-1A3956D46DE8}") = "tests", "tests", "{0AB3BF05-4346-4AA6-1389-037BE0695223}"
EndProject
Project("{FAE04EC0-301F-11D3-BF4B-00C04F79EFBC}") = "Sosi.Tests", "tests\Sosi.Tests\Sosi.Tests.csproj", "{6BACBD7D-1C30-414C-A619-3202B03F6044}"
EndProject
Global
	GlobalSection(SolutionConfigurationPlatforms) = preSolution
		Debug|Any CPU = Debug|Any CPU
		Debug|x64 = Debug|x64
		Debug|x86 = Debug|x86
		Release|Any CPU = Release|Any CPU
		Release|x64 = Release|x64
		Release|x86 = Release|x86
	EndGlobalSection
	GlobalSection(ProjectConfigurationPlatforms) = postSolution
		{1BA2A01E-F8EE-4C27-B794-554A27C32F7E}.Debug|Any CPU.ActiveCfg = Debug|Any CPU
		{1BA2A01E-F8EE-4C27-B794-554A27C32F7E}.Debug|Any CPU.Build.0 = Debug|Any CPU
		{1BA2A01E-F8EE-4C27-B794-554A27C32F7E}.Debug|x64.ActiveCfg = Debug|Any CPU
		{1BA2A01E-F8EE-4C27-B794-554A27C32F7E}.Debug|x64.Build.0 = Debug|Any CPU
		{1BA2A01E-F8EE-4C27-B794-554A27C32F7E}.Debug|x86.ActiveCfg = Debug|Any CPU
		{1BA2A01E-F8EE-4C27-B794-554A27C32F7E}.Debug|x86.Build.0 = Debug|Any CPU
		{1BA2A01E-F8EE-4C27-B794-554A27C32F7E}.Release|Any CPU.ActiveCfg = Release|Any CPU
		{1BA2A01E-F8EE-4C27-B794-554A27C32F7E}.Release|Any CPU.Build.0 = Release|Any CPU
		{1BA2A01E-F8EE-4C27-B794-554A27C32F7E}.Release|x64.ActiveCfg = Release|Any CPU
		{1BA2A01E-F8EE-4C27-B794-554A27C32F7E}.Release|x64.Build.0 = Release|Any CPU
		{1BA2A01E-F8EE-4C27-B794-554A27C32F7E}.Release|x86.ActiveCfg = Release|Any CPU
		{1BA2A01E-F8EE-4C27-B794-554A27C32F7E}.Release|x86.Build.0 = Release|Any CPU
		{7DB93F3D-7484-4E1E-B102-89C018785CDE}.Debug|Any CPU.ActiveCfg = Debug|Any CPU
		{7DB93F3D-7484-4E1E-B102-89C018785CDE}.Debug|Any CPU.Build.0 = Debug|Any CPU
		{7DB93F3D-7484-4E1E-B102-89C018785CDE}.Debug|x64.ActiveCfg = Debug|Any CPU
		{7DB93F3D-7484-4E1E-B102-89C018785CDE}.Debug|x64.Build.0 = Debug|Any CPU
		{7DB93F3D-7484-4E1E-B102-89C018785CDE}.Debug|x86.ActiveCfg = Debug|Any CPU
		{7DB93F3D-7484-4E1E-B102-89C018785CDE}.Debug|x86.Build.0 = Debug|Any CPU
		{7DB93F3D-7484-4E1E-B102-89C018785CDE}.Release|Any CPU.ActiveCfg = Release|Any CPU
		{7DB93F3D-7484-4E1E-B102-89C018785CDE}.Release|Any CPU.Build.0 = Release|Any CPU
		{7DB93F3D-7484-4E1E-B102-89C018785CDE}.Release|x64.ActiveCfg = Release|Any CPU
		{7DB93F3D-7484-4E1E-B102-89C018785CDE}.Release|x64.Build.0 = Release|Any CPU
		{7DB93F3D-7484-4E1E-B102-89C018785CDE}.Release|x86.ActiveCfg = Release|Any CPU
		{7DB93F3D-7484-4E1E-B102-89C018785CDE}.Release|x86.Build.0 = Release|Any CPU
		{6BACBD7D-1C30-414C-A619-3202B03F6044}.Debug|Any CPU.ActiveCfg = Debug|Any CPU
		{6BACBD7D-1C30-414C-A619-3202B03F6044}.Debug|Any CPU.Build.0 = Debug|Any CPU
		{6BACBD7D-1C30-414C-A619-3202B03F6044}.Debug|x64.ActiveCfg = Debug|Any CPU
		{6BACBD7D-1C30-414C-A619-3202B03F6044}.Debug|x64.Build.0 = Debug|Any CPU
		{6BACBD7D-1C30-414C-A619-3202B03F6044}.Debug|x86.ActiveCfg = Debug|Any CPU
		{6BACBD7D-1C30-414C-A619-3202B03F6044}.Debug|x86.Build.0 = Debug|Any CPU
		{6BACBD7D-1C30-414C-A619-3202B03F6044}.Release|Any CPU.ActiveCfg = Release|Any CPU
		{6BACBD7D-1C30-414C-A619-3202B03F6044}.Release|Any CPU.Build.0 = Release|Any CPU
		{6BACBD7D-1C30-414C-A619-3202B03F6044}.Release|x64.ActiveCfg = Release|Any CPU
		{6BACBD7D-1C30-414C-A619-3202B03F6044}.Release|x64.Build.0 = Release|Any CPU
		{6BACBD7D-1C30-414C-A619-3202B03F6044}.Release|x86.ActiveCfg = Release|Any CPU
		{6BACBD7D-1C30-414C-A619-3202B03F6044}.Release|x86.Build.0 = Release|Any CPU
	EndGlobalSection
	GlobalSection(SolutionProperties) = preSolution
		HideSolutionNode = FALSE
	EndGlobalSection
	GlobalSection(NestedProjects) = preSolution
		{1BA2A01E-F8EE-4C27-B794-554A27C32F7E} = {827E0CD3-B72D-47B6-A68D-7590B98EB39B}
		{7DB93F3D-7484-4E1E-B102-89C018785CDE} = {827E0CD3-B72D-47B6-A68D-7590B98EB39B}
		{6BACBD7D-1C30-414C-A619-3202B03F6044} = {0AB3BF05-4346-4AA6-1389-037BE0695223}
	EndGlobalSection
EndGlobal
